// !$*UTF8*$!
{
	archiveVersion = 1;
	classes = {
	};
	objectVersion = 46;
	objects = {

/* Begin PBXBuildFile section */
		483164131EDD674D00D987BF /* AppDelegate.swift in Sources */ = {isa = PBXBuildFile; fileRef = 483164121EDD674D00D987BF /* AppDelegate.swift */; };
		483164181EDD674D00D987BF /* Main.storyboard in Resources */ = {isa = PBXBuildFile; fileRef = 483164161EDD674D00D987BF /* Main.storyboard */; };
		4831641A1EDD674D00D987BF /* Assets.xcassets in Resources */ = {isa = PBXBuildFile; fileRef = 483164191EDD674D00D987BF /* Assets.xcassets */; };
		4831641D1EDD674D00D987BF /* LaunchScreen.storyboard in Resources */ = {isa = PBXBuildFile; fileRef = 4831641B1EDD674D00D987BF /* LaunchScreen.storyboard */; };
		483164541EDD6FD800D987BF /* FontAwesome.framework in Frameworks */ = {isa = PBXBuildFile; fileRef = 483164531EDD6FD800D987BF /* FontAwesome.framework */; };
		483164551EDD6FD800D987BF /* FontAwesome.framework in Embed Frameworks */ = {isa = PBXBuildFile; fileRef = 483164531EDD6FD800D987BF /* FontAwesome.framework */; settings = {ATTRIBUTES = (CodeSignOnCopy, RemoveHeadersOnCopy, ); }; };
/* End PBXBuildFile section */

/* Begin PBXCopyFilesBuildPhase section */
		483164391EDD699900D987BF /* Embed Frameworks */ = {
			isa = PBXCopyFilesBuildPhase;
			buildActionMask = 2147483647;
			dstPath = "";
			dstSubfolderSpec = 10;
			files = (
				483164551EDD6FD800D987BF /* FontAwesome.framework in Embed Frameworks */,
			);
			name = "Embed Frameworks";
			runOnlyForDeploymentPostprocessing = 0;
		};
/* End PBXCopyFilesBuildPhase section */

/* Begin PBXFileReference section */
		4831640F1EDD674D00D987BF /* FontAwesomeStoryboardTest.app */ = {isa = PBXFileReference; explicitFileType = wrapper.application; includeInIndex = 0; path = FontAwesomeStoryboardTest.app; sourceTree = BUILT_PRODUCTS_DIR; };
		483164121EDD674D00D987BF /* AppDelegate.swift */ = {isa = PBXFileReference; lastKnownFileType = sourcecode.swift; path = AppDelegate.swift; sourceTree = "<group>"; };
		483164171EDD674D00D987BF /* Base */ = {isa = PBXFileReference; lastKnownFileType = file.storyboard; name = Base; path = Base.lproj/Main.storyboard; sourceTree = "<group>"; };
		483164191EDD674D00D987BF /* Assets.xcassets */ = {isa = PBXFileReference; lastKnownFileType = folder.assetcatalog; path = Assets.xcassets; sourceTree = "<group>"; };
		4831641C1EDD674D00D987BF /* Base */ = {isa = PBXFileReference; lastKnownFileType = file.storyboard; name = Base; path = Base.lproj/LaunchScreen.storyboard; sourceTree = "<group>"; };
		4831641E1EDD674D00D987BF /* Info.plist */ = {isa = PBXFileReference; lastKnownFileType = text.plist.xml; path = Info.plist; sourceTree = "<group>"; };
		483164531EDD6FD800D987BF /* FontAwesome.framework */ = {isa = PBXFileReference; explicitFileType = wrapper.framework; path = FontAwesome.framework; sourceTree = BUILT_PRODUCTS_DIR; };
/* End PBXFileReference section */

/* Begin PBXFrameworksBuildPhase section */
		4831640C1EDD674D00D987BF /* Frameworks */ = {
			isa = PBXFrameworksBuildPhase;
			buildActionMask = 2147483647;
			files = (
				483164541EDD6FD800D987BF /* FontAwesome.framework in Frameworks */,
			);
			runOnlyForDeploymentPostprocessing = 0;
		};
/* End PBXFrameworksBuildPhase section */

/* Begin PBXGroup section */
		483164061EDD674D00D987BF = {
			isa = PBXGroup;
			children = (
				483164111EDD674D00D987BF /* FontAwesomeStoryboardTest */,
				483164101EDD674D00D987BF /* Products */,
				483164331EDD696C00D987BF /* Frameworks */,
			);
			sourceTree = "<group>";
		};
		483164101EDD674D00D987BF /* Products */ = {
			isa = PBXGroup;
			children = (
				4831640F1EDD674D00D987BF /* FontAwesomeStoryboardTest.app */,
			);
			name = Products;
			sourceTree = "<group>";
		};
		483164111EDD674D00D987BF /* FontAwesomeStoryboardTest */ = {
			isa = PBXGroup;
			children = (
				483164121EDD674D00D987BF /* AppDelegate.swift */,
				483164161EDD674D00D987BF /* Main.storyboard */,
				483164191EDD674D00D987BF /* Assets.xcassets */,
				4831641B1EDD674D00D987BF /* LaunchScreen.storyboard */,
				4831641E1EDD674D00D987BF /* Info.plist */,
			);
			path = FontAwesomeStoryboardTest;
			sourceTree = "<group>";
		};
		483164331EDD696C00D987BF /* Frameworks */ = {
			isa = PBXGroup;
			children = (
				483164531EDD6FD800D987BF /* FontAwesome.framework */,
			);
			name = Frameworks;
			sourceTree = "<group>";
		};
/* End PBXGroup section */

/* Begin PBXNativeTarget section */
		4831640E1EDD674D00D987BF /* FontAwesomeStoryboardTest */ = {
			isa = PBXNativeTarget;
			buildConfigurationList = 483164211EDD674D00D987BF /* Build configuration list for PBXNativeTarget "FontAwesomeStoryboardTest" */;
			buildPhases = (
				4831640B1EDD674D00D987BF /* Sources */,
				4831640C1EDD674D00D987BF /* Frameworks */,
				4831640D1EDD674D00D987BF /* Resources */,
				483164391EDD699900D987BF /* Embed Frameworks */,
			);
			buildRules = (
			);
			dependencies = (
			);
			name = FontAwesomeStoryboardTest;
			productName = FontAwesomeStoryboardTest;
			productReference = 4831640F1EDD674D00D987BF /* FontAwesomeStoryboardTest.app */;
			productType = "com.apple.product-type.application";
		};
/* End PBXNativeTarget section */

/* Begin PBXProject section */
		483164071EDD674D00D987BF /* Project object */ = {
			isa = PBXProject;
			attributes = {
				LastSwiftUpdateCheck = 0830;
				LastUpgradeCheck = 0830;
				ORGANIZATIONNAME = Maik639;
				TargetAttributes = {
					4831640E1EDD674D00D987BF = {
						CreatedOnToolsVersion = 8.3.2;
						ProvisioningStyle = Automatic;
					};
				};
			};
			buildConfigurationList = 4831640A1EDD674D00D987BF /* Build configuration list for PBXProject "FontAwesomeStoryboardTest" */;
			compatibilityVersion = "Xcode 3.2";
			developmentRegion = English;
			hasScannedForEncodings = 0;
			knownRegions = (
				en,
				Base,
			);
			mainGroup = 483164061EDD674D00D987BF;
			productRefGroup = 483164101EDD674D00D987BF /* Products */;
			projectDirPath = "";
			projectRoot = "";
			targets = (
				4831640E1EDD674D00D987BF /* FontAwesomeStoryboardTest */,
			);
		};
/* End PBXProject section */

/* Begin PBXResourcesBuildPhase section */
		4831640D1EDD674D00D987BF /* Resources */ = {
			isa = PBXResourcesBuildPhase;
			buildActionMask = 2147483647;
			files = (
				4831641D1EDD674D00D987BF /* LaunchScreen.storyboard in Resources */,
				4831641A1EDD674D00D987BF /* Assets.xcassets in Resources */,
				483164181EDD674D00D987BF /* Main.storyboard in Resources */,
			);
			runOnlyForDeploymentPostprocessing = 0;
		};
/* End PBXResourcesBuildPhase section */

/* Begin PBXSourcesBuildPhase section */
		4831640B1EDD674D00D987BF /* Sources */ = {
			isa = PBXSourcesBuildPhase;
			buildActionMask = 2147483647;
			files = (
				483164131EDD674D00D987BF /* AppDelegate.swift in Sources */,
			);
			runOnlyForDeploymentPostprocessing = 0;
		};
/* End PBXSourcesBuildPhase section */

/* Begin PBXVariantGroup section */
		483164161EDD674D00D987BF /* Main.storyboard */ = {
			isa = PBXVariantGroup;
			children = (
				483164171EDD674D00D987BF /* Base */,
			);
			name = Main.storyboard;
			sourceTree = "<group>";
		};
		4831641B1EDD674D00D987BF /* LaunchScreen.storyboard */ = {
			isa = PBXVariantGroup;
			children = (
				4831641C1EDD674D00D987BF /* Base */,
			);
			name = LaunchScreen.storyboard;
			sourceTree = "<group>";
		};
/* End PBXVariantGroup section */

/* Begin XCBuildConfiguration section */
		4831641F1EDD674D00D987BF /* Debug */ = {
			isa = XCBuildConfiguration;
			buildSettings = {
				ALWAYS_SEARCH_USER_PATHS = NO;
				CLANG_ANALYZER_NONNULL = YES;
				CLANG_ANALYZER_NUMBER_OBJECT_CONVERSION = YES_AGGRESSIVE;
				CLANG_CXX_LANGUAGE_STANDARD = "gnu++0x";
				CLANG_CXX_LIBRARY = "libc++";
				CLANG_ENABLE_MODULES = YES;
				CLANG_ENABLE_OBJC_ARC = YES;
				CLANG_WARN_BOOL_CONVERSION = YES;
				CLANG_WARN_CONSTANT_CONVERSION = YES;
				CLANG_WARN_DIRECT_OBJC_ISA_USAGE = YES_ERROR;
				CLANG_WARN_DOCUMENTATION_COMMENTS = YES;
				CLANG_WARN_EMPTY_BODY = YES;
				CLANG_WARN_ENUM_CONVERSION = YES;
				CLANG_WARN_INFINITE_RECURSION = YES;
				CLANG_WARN_INT_CONVERSION = YES;
				CLANG_WARN_OBJC_ROOT_CLASS = YES_ERROR;
				CLANG_WARN_SUSPICIOUS_MOVE = YES;
				CLANG_WARN_UNREACHABLE_CODE = YES;
				CLANG_WARN__DUPLICATE_METHOD_MATCH = YES;
				"CODE_SIGN_IDENTITY[sdk=iphoneos*]" = "iPhone Developer";
				COPY_PHASE_STRIP = NO;
				DEBUG_INFORMATION_FORMAT = dwarf;
				ENABLE_STRICT_OBJC_MSGSEND = YES;
				ENABLE_TESTABILITY = YES;
				GCC_C_LANGUAGE_STANDARD = gnu99;
				GCC_DYNAMIC_NO_PIC = NO;
				GCC_NO_COMMON_BLOCKS = YES;
				GCC_OPTIMIZATION_LEVEL = 0;
				GCC_PREPROCESSOR_DEFINITIONS = (
					"DEBUG=1",
					"$(inherited)",
				);
				GCC_WARN_64_TO_32_BIT_CONVERSION = YES;
				GCC_WARN_ABOUT_RETURN_TYPE = YES_ERROR;
				GCC_WARN_UNDECLARED_SELECTOR = YES;
				GCC_WARN_UNINITIALIZED_AUTOS = YES_AGGRESSIVE;
				GCC_WARN_UNUSED_FUNCTION = YES;
				GCC_WARN_UNUSED_VARIABLE = YES;
				IPHONEOS_DEPLOYMENT_TARGET = 10.3;
				MTL_ENABLE_DEBUG_INFO = YES;
				ONLY_ACTIVE_ARCH = YES;
				SDKROOT = iphoneos;
				SWIFT_ACTIVE_COMPILATION_CONDITIONS = DEBUG;
				SWIFT_OPTIMIZATION_LEVEL = "-Onone";
				TARGETED_DEVICE_FAMILY = "1,2";
			};
			name = Debug;
		};
		483164201EDD674D00D987BF /* Release */ = {
			isa = XCBuildConfiguration;
			buildSettings = {
				ALWAYS_SEARCH_USER_PATHS = NO;
				CLANG_ANALYZER_NONNULL = YES;
				CLANG_ANALYZER_NUMBER_OBJECT_CONVERSION = YES_AGGRESSIVE;
				CLANG_CXX_LANGUAGE_STANDARD = "gnu++0x";
				CLANG_CXX_LIBRARY = "libc++";
				CLANG_ENABLE_MODULES = YES;
				CLANG_ENABLE_OBJC_ARC = YES;
				CLANG_WARN_BOOL_CONVERSION = YES;
				CLANG_WARN_CONSTANT_CONVERSION = YES;
				CLANG_WARN_DIRECT_OBJC_ISA_USAGE = YES_ERROR;
				CLANG_WARN_DOCUMENTATION_COMMENTS = YES;
				CLANG_WARN_EMPTY_BODY = YES;
				CLANG_WARN_ENUM_CONVERSION = YES;
				CLANG_WARN_INFINITE_RECURSION = YES;
				CLANG_WARN_INT_CONVERSION = YES;
				CLANG_WARN_OBJC_ROOT_CLASS = YES_ERROR;
				CLANG_WARN_SUSPICIOUS_MOVE = YES;
				CLANG_WARN_UNREACHABLE_CODE = YES;
				CLANG_WARN__DUPLICATE_METHOD_MATCH = YES;
				"CODE_SIGN_IDENTITY[sdk=iphoneos*]" = "iPhone Developer";
				COPY_PHASE_STRIP = NO;
				DEBUG_INFORMATION_FORMAT = "dwarf-with-dsym";
				ENABLE_NS_ASSERTIONS = NO;
				ENABLE_STRICT_OBJC_MSGSEND = YES;
				GCC_C_LANGUAGE_STANDARD = gnu99;
				GCC_NO_COMMON_BLOCKS = YES;
				GCC_WARN_64_TO_32_BIT_CONVERSION = YES;
				GCC_WARN_ABOUT_RETURN_TYPE = YES_ERROR;
				GCC_WARN_UNDECLARED_SELECTOR = YES;
				GCC_WARN_UNINITIALIZED_AUTOS = YES_AGGRESSIVE;
				GCC_WARN_UNUSED_FUNCTION = YES;
				GCC_WARN_UNUSED_VARIABLE = YES;
				IPHONEOS_DEPLOYMENT_TARGET = 10.3;
				MTL_ENABLE_DEBUG_INFO = NO;
				SDKROOT = iphoneos;
				SWIFT_OPTIMIZATION_LEVEL = "-Owholemodule";
				TARGETED_DEVICE_FAMILY = "1,2";
				VALIDATE_PRODUCT = YES;
			};
			name = Release;
		};
		483164221EDD674D00D987BF /* Debug */ = {
			isa = XCBuildConfiguration;
			buildSettings = {
				ASSETCATALOG_COMPILER_APPICON_NAME = AppIcon;
				INFOPLIST_FILE = FontAwesomeStoryboardTest/Info.plist;
				LD_RUNPATH_SEARCH_PATHS = "$(inherited) @executable_path/Frameworks";
				PRODUCT_BUNDLE_IDENTIFIER = swift.fontawesome.FontAwesomeStoryboardTest;
				PRODUCT_NAME = "$(TARGET_NAME)";
				SWIFT_VERSION = 3.0;
			};
			name = Debug;
		};
		483164231EDD674D00D987BF /* Release */ = {
			isa = XCBuildConfiguration;
			buildSettings = {
				ASSETCATALOG_COMPILER_APPICON_NAME = AppIcon;
				INFOPLIST_FILE = FontAwesomeStoryboardTest/Info.plist;
				LD_RUNPATH_SEARCH_PATHS = "$(inherited) @executable_path/Frameworks";
				PRODUCT_BUNDLE_IDENTIFIER = swift.fontawesome.FontAwesomeStoryboardTest;
				PRODUCT_NAME = "$(TARGET_NAME)";
				SWIFT_VERSION = 3.0;
			};
			name = Release;
		};
/* End XCBuildConfiguration section */

/* Begin XCConfigurationList section */
		4831640A1EDD674D00D987BF /* Build configuration list for PBXProject "FontAwesomeStoryboardTest" */ = {
			isa = XCConfigurationList;
			buildConfigurations = (
				4831641F1EDD674D00D987BF /* Debug */,
				483164201EDD674D00D987BF /* Release */,
			);
			defaultConfigurationIsVisible = 0;
			defaultConfigurationName = Release;
		};
		483164211EDD674D00D987BF /* Build configuration list for PBXNativeTarget "FontAwesomeStoryboardTest" */ = {
			isa = XCConfigurationList;
			buildConfigurations = (
				483164221EDD674D00D987BF /* Debug */,
				483164231EDD674D00D987BF /* Release */,
			);
			defaultConfigurationIsVisible = 0;
			defaultConfigurationName = Release;
		};
/* End XCConfigurationList section */
	};
	rootObject = 483164071EDD674D00D987BF /* Project object */;
}
