// !$*UTF8*$!
{
	archiveVersion = 1;
	classes = {
	};
	objectVersion = 46;
	objects = {

/* Begin PBXBuildFile section */
		8401A9541B398B5600269D14 /* AppDelegate.swift in Sources */ = {isa = PBXBuildFile; fileRef = 8401A9531B398B5600269D14 /* AppDelegate.swift */; };
		8401A9561B398B5600269D14 /* ViewController.swift in Sources */ = {isa = PBXBuildFile; fileRef = 8401A9551B398B5600269D14 /* ViewController.swift */; };
		8401A9591B398B5600269D14 /* Main.storyboard in Resources */ = {isa = PBXBuildFile; fileRef = 8401A9571B398B5600269D14 /* Main.storyboard */; };
		8401A95B1B398B5600269D14 /* Images.xcassets in Resources */ = {isa = PBXBuildFile; fileRef = 8401A95A1B398B5600269D14 /* Images.xcassets */; };
		8401A95E1B398B5600269D14 /* LaunchScreen.xib in Resources */ = {isa = PBXBuildFile; fileRef = 8401A95C1B398B5600269D14 /* LaunchScreen.xib */; };
		8401A96A1B398B5600269D14 /* FontAwesomeDemoTests.swift in Sources */ = {isa = PBXBuildFile; fileRef = 8401A9691B398B5600269D14 /* FontAwesomeDemoTests.swift */; };
/* End PBXBuildFile section */

/* Begin PBXContainerItemProxy section */
		1025818D1C2B187200146E20 /* PBXContainerItemProxy */ = {
			isa = PBXContainerItemProxy;
			containerPortal = 841575D01B39AB71001092B6 /* FontAwesome.xcodeproj */;
			proxyType = 1;
			remoteGlobalIDString = 8401A8D11B39601400269D14;
			remoteInfo = FontAwesome;
		};
		8401A9641B398B5600269D14 /* PBXContainerItemProxy */ = {
			isa = PBXContainerItemProxy;
			containerPortal = 8401A9461B398B5600269D14 /* Project object */;
			proxyType = 1;
			remoteGlobalIDString = 8401A94D1B398B5600269D14;
			remoteInfo = FontAwesomeDemo;
		};
		841575D51B39AB71001092B6 /* PBXContainerItemProxy */ = {
			isa = PBXContainerItemProxy;
			containerPortal = 841575D01B39AB71001092B6 /* FontAwesome.xcodeproj */;
			proxyType = 2;
			remoteGlobalIDString = 8401A8D21B39601400269D14;
			remoteInfo = FontAwesome;
		};
		841575D71B39AB71001092B6 /* PBXContainerItemProxy */ = {
			isa = PBXContainerItemProxy;
			containerPortal = 841575D01B39AB71001092B6 /* FontAwesome.xcodeproj */;
			proxyType = 2;
			remoteGlobalIDString = 8401A8DD1B39601400269D14;
			remoteInfo = FontAwesomeTests;
		};
		84DBFFAA1D8A7E5C002C4517 /* PBXContainerItemProxy */ = {
			isa = PBXContainerItemProxy;
			containerPortal = 841575D01B39AB71001092B6 /* FontAwesome.xcodeproj */;
			proxyType = 2;
			remoteGlobalIDString = 848937F91C6AF0660085F6D1;
			remoteInfo = "FontAwesome-watchOS";
		};
/* End PBXContainerItemProxy section */

/* Begin PBXFileReference section */
		8401A94E1B398B5600269D14 /* FontAwesomeDemo.app */ = {isa = PBXFileReference; explicitFileType = wrapper.application; includeInIndex = 0; path = FontAwesomeDemo.app; sourceTree = BUILT_PRODUCTS_DIR; };
		8401A9521B398B5600269D14 /* Info.plist */ = {isa = PBXFileReference; lastKnownFileType = text.plist.xml; path = Info.plist; sourceTree = "<group>"; };
		8401A9531B398B5600269D14 /* AppDelegate.swift */ = {isa = PBXFileReference; lastKnownFileType = sourcecode.swift; path = AppDelegate.swift; sourceTree = "<group>"; };
		8401A9551B398B5600269D14 /* ViewController.swift */ = {isa = PBXFileReference; lastKnownFileType = sourcecode.swift; path = ViewController.swift; sourceTree = "<group>"; };
		8401A9581B398B5600269D14 /* Base */ = {isa = PBXFileReference; lastKnownFileType = file.storyboard; name = Base; path = Base.lproj/Main.storyboard; sourceTree = "<group>"; };
		8401A95A1B398B5600269D14 /* Images.xcassets */ = {isa = PBXFileReference; lastKnownFileType = folder.assetcatalog; path = Images.xcassets; sourceTree = "<group>"; };
		8401A95D1B398B5600269D14 /* Base */ = {isa = PBXFileReference; lastKnownFileType = file.xib; name = Base; path = Base.lproj/LaunchScreen.xib; sourceTree = "<group>"; };
		8401A9631B398B5600269D14 /* FontAwesomeDemoTests.xctest */ = {isa = PBXFileReference; explicitFileType = wrapper.cfbundle; includeInIndex = 0; path = FontAwesomeDemoTests.xctest; sourceTree = BUILT_PRODUCTS_DIR; };
		8401A9681B398B5600269D14 /* Info.plist */ = {isa = PBXFileReference; lastKnownFileType = text.plist.xml; path = Info.plist; sourceTree = "<group>"; };
		8401A9691B398B5600269D14 /* FontAwesomeDemoTests.swift */ = {isa = PBXFileReference; lastKnownFileType = sourcecode.swift; path = FontAwesomeDemoTests.swift; sourceTree = "<group>"; };
		841575D01B39AB71001092B6 /* FontAwesome.xcodeproj */ = {isa = PBXFileReference; lastKnownFileType = "wrapper.pb-project"; name = FontAwesome.xcodeproj; path = ../FontAwesome.xcodeproj; sourceTree = "<group>"; };
/* End PBXFileReference section */

/* Begin PBXFrameworksBuildPhase section */
		8401A94B1B398B5600269D14 /* Frameworks */ = {
			isa = PBXFrameworksBuildPhase;
			buildActionMask = 2147483647;
			files = (
			);
			runOnlyForDeploymentPostprocessing = 0;
		};
		8401A9601B398B5600269D14 /* Frameworks */ = {
			isa = PBXFrameworksBuildPhase;
			buildActionMask = 2147483647;
			files = (
			);
			runOnlyForDeploymentPostprocessing = 0;
		};
/* End PBXFrameworksBuildPhase section */

/* Begin PBXGroup section */
		8401A9451B398B5600269D14 = {
			isa = PBXGroup;
			children = (
				8401A9501B398B5600269D14 /* FontAwesomeDemo */,
				8401A9661B398B5600269D14 /* FontAwesomeDemoTests */,
				8401A94F1B398B5600269D14 /* Products */,
				841575D01B39AB71001092B6 /* FontAwesome.xcodeproj */,
			);
			sourceTree = "<group>";
		};
		8401A94F1B398B5600269D14 /* Products */ = {
			isa = PBXGroup;
			children = (
				8401A94E1B398B5600269D14 /* FontAwesomeDemo.app */,
				8401A9631B398B5600269D14 /* FontAwesomeDemoTests.xctest */,
			);
			name = Products;
			sourceTree = "<group>";
		};
		8401A9501B398B5600269D14 /* FontAwesomeDemo */ = {
			isa = PBXGroup;
			children = (
				8401A9531B398B5600269D14 /* AppDelegate.swift */,
				8401A9551B398B5600269D14 /* ViewController.swift */,
				8401A9571B398B5600269D14 /* Main.storyboard */,
				8401A95A1B398B5600269D14 /* Images.xcassets */,
				8401A95C1B398B5600269D14 /* LaunchScreen.xib */,
				8401A9511B398B5600269D14 /* Supporting Files */,
			);
			path = FontAwesomeDemo;
			sourceTree = "<group>";
		};
		8401A9511B398B5600269D14 /* Supporting Files */ = {
			isa = PBXGroup;
			children = (
				8401A9521B398B5600269D14 /* Info.plist */,
			);
			name = "Supporting Files";
			sourceTree = "<group>";
		};
		8401A9661B398B5600269D14 /* FontAwesomeDemoTests */ = {
			isa = PBXGroup;
			children = (
				8401A9691B398B5600269D14 /* FontAwesomeDemoTests.swift */,
				8401A9671B398B5600269D14 /* Supporting Files */,
			);
			path = FontAwesomeDemoTests;
			sourceTree = "<group>";
		};
		8401A9671B398B5600269D14 /* Supporting Files */ = {
			isa = PBXGroup;
			children = (
				8401A9681B398B5600269D14 /* Info.plist */,
			);
			name = "Supporting Files";
			sourceTree = "<group>";
		};
		841575D11B39AB71001092B6 /* Products */ = {
			isa = PBXGroup;
			children = (
				841575D61B39AB71001092B6 /* FontAwesome.framework */,
				841575D81B39AB71001092B6 /* FontAwesomeTests.xctest */,
				84DBFFAB1D8A7E5C002C4517 /* FontAwesome.framework */,
			);
			name = Products;
			sourceTree = "<group>";
		};
/* End PBXGroup section */

/* Begin PBXNativeTarget section */
		8401A94D1B398B5600269D14 /* FontAwesomeDemo */ = {
			isa = PBXNativeTarget;
			buildConfigurationList = 8401A96D1B398B5600269D14 /* Build configuration list for PBXNativeTarget "FontAwesomeDemo" */;
			buildPhases = (
				8401A94A1B398B5600269D14 /* Sources */,
				8401A94B1B398B5600269D14 /* Frameworks */,
				8401A94C1B398B5600269D14 /* Resources */,
			);
			buildRules = (
			);
			dependencies = (
				1025818E1C2B187200146E20 /* PBXTargetDependency */,
			);
			name = FontAwesomeDemo;
			productName = FontAwesomeDemo;
			productReference = 8401A94E1B398B5600269D14 /* FontAwesomeDemo.app */;
			productType = "com.apple.product-type.application";
		};
		8401A9621B398B5600269D14 /* FontAwesomeDemoTests */ = {
			isa = PBXNativeTarget;
			buildConfigurationList = 8401A9701B398B5600269D14 /* Build configuration list for PBXNativeTarget "FontAwesomeDemoTests" */;
			buildPhases = (
				8401A95F1B398B5600269D14 /* Sources */,
				8401A9601B398B5600269D14 /* Frameworks */,
				8401A9611B398B5600269D14 /* Resources */,
			);
			buildRules = (
			);
			dependencies = (
				8401A9651B398B5600269D14 /* PBXTargetDependency */,
			);
			name = FontAwesomeDemoTests;
			productName = FontAwesomeDemoTests;
			productReference = 8401A9631B398B5600269D14 /* FontAwesomeDemoTests.xctest */;
			productType = "com.apple.product-type.bundle.unit-test";
		};
/* End PBXNativeTarget section */

/* Begin PBXProject section */
		8401A9461B398B5600269D14 /* Project object */ = {
			isa = PBXProject;
			attributes = {
				LastSwiftUpdateCheck = 0700;
				LastUpgradeCheck = 0700;
				TargetAttributes = {
					8401A94D1B398B5600269D14 = {
						CreatedOnToolsVersion = 6.3.2;
						LastSwiftMigration = 0800;
					};
					8401A9621B398B5600269D14 = {
						CreatedOnToolsVersion = 6.3.2;
						LastSwiftMigration = 0800;
						TestTargetID = 8401A94D1B398B5600269D14;
					};
				};
			};
			buildConfigurationList = 8401A9491B398B5600269D14 /* Build configuration list for PBXProject "FontAwesomeDemo" */;
			compatibilityVersion = "Xcode 3.2";
			developmentRegion = English;
			hasScannedForEncodings = 0;
			knownRegions = (
				en,
				Base,
			);
			mainGroup = 8401A9451B398B5600269D14;
			productRefGroup = 8401A94F1B398B5600269D14 /* Products */;
			projectDirPath = "";
			projectReferences = (
				{
					ProductGroup = 841575D11B39AB71001092B6 /* Products */;
					ProjectRef = 841575D01B39AB71001092B6 /* FontAwesome.xcodeproj */;
				},
			);
			projectRoot = "";
			targets = (
				8401A94D1B398B5600269D14 /* FontAwesomeDemo */,
				8401A9621B398B5600269D14 /* FontAwesomeDemoTests */,
			);
		};
/* End PBXProject section */

/* Begin PBXReferenceProxy section */
		841575D61B39AB71001092B6 /* FontAwesome.framework */ = {
			isa = PBXReferenceProxy;
			fileType = wrapper.framework;
			path = FontAwesome.framework;
			remoteRef = 841575D51B39AB71001092B6 /* PBXContainerItemProxy */;
			sourceTree = BUILT_PRODUCTS_DIR;
		};
		841575D81B39AB71001092B6 /* FontAwesomeTests.xctest */ = {
			isa = PBXReferenceProxy;
			fileType = wrapper.cfbundle;
			path = FontAwesomeTests.xctest;
			remoteRef = 841575D71B39AB71001092B6 /* PBXContainerItemProxy */;
			sourceTree = BUILT_PRODUCTS_DIR;
		};
		84DBFFAB1D8A7E5C002C4517 /* FontAwesome.framework */ = {
			isa = PBXReferenceProxy;
			fileType = wrapper.framework;
			path = FontAwesome.framework;
			remoteRef = 84DBFFAA1D8A7E5C002C4517 /* PBXContainerItemProxy */;
			sourceTree = BUILT_PRODUCTS_DIR;
		};
/* End PBXReferenceProxy section */

/* Begin PBXResourcesBuildPhase section */
		8401A94C1B398B5600269D14 /* Resources */ = {
			isa = PBXResourcesBuildPhase;
			buildActionMask = 2147483647;
			files = (
				8401A9591B398B5600269D14 /* Main.storyboard in Resources */,
				8401A95E1B398B5600269D14 /* LaunchScreen.xib in Resources */,
				8401A95B1B398B5600269D14 /* Images.xcassets in Resources */,
			);
			runOnlyForDeploymentPostprocessing = 0;
		};
		8401A9611B398B5600269D14 /* Resources */ = {
			isa = PBXResourcesBuildPhase;
			buildActionMask = 2147483647;
			files = (
			);
			runOnlyForDeploymentPostprocessing = 0;
		};
/* End PBXResourcesBuildPhase section */

/* Begin PBXSourcesBuildPhase section */
		8401A94A1B398B5600269D14 /* Sources */ = {
			isa = PBXSourcesBuildPhase;
			buildActionMask = 2147483647;
			files = (
				8401A9561B398B5600269D14 /* ViewController.swift in Sources */,
				8401A9541B398B5600269D14 /* AppDelegate.swift in Sources */,
			);
			runOnlyForDeploymentPostprocessing = 0;
		};
		8401A95F1B398B5600269D14 /* Sources */ = {
			isa = PBXSourcesBuildPhase;
			buildActionMask = 2147483647;
			files = (
				8401A96A1B398B5600269D14 /* FontAwesomeDemoTests.swift in Sources */,
			);
			runOnlyForDeploymentPostprocessing = 0;
		};
/* End PBXSourcesBuildPhase section */

/* Begin PBXTargetDependency section */
		1025818E1C2B187200146E20 /* PBXTargetDependency */ = {
			isa = PBXTargetDependency;
			name = FontAwesome;
			targetProxy = 1025818D1C2B187200146E20 /* PBXContainerItemProxy */;
		};
		8401A9651B398B5600269D14 /* PBXTargetDependency */ = {
			isa = PBXTargetDependency;
			target = 8401A94D1B398B5600269D14 /* FontAwesomeDemo */;
			targetProxy = 8401A9641B398B5600269D14 /* PBXContainerItemProxy */;
		};
/* End PBXTargetDependency section */

/* Begin PBXVariantGroup section */
		8401A9571B398B5600269D14 /* Main.storyboard */ = {
			isa = PBXVariantGroup;
			children = (
				8401A9581B398B5600269D14 /* Base */,
			);
			name = Main.storyboard;
			sourceTree = "<group>";
		};
		8401A95C1B398B5600269D14 /* LaunchScreen.xib */ = {
			isa = PBXVariantGroup;
			children = (
				8401A95D1B398B5600269D14 /* Base */,
			);
			name = LaunchScreen.xib;
			sourceTree = "<group>";
		};
/* End PBXVariantGroup section */

/* Begin XCBuildConfiguration section */
		8401A96B1B398B5600269D14 /* Debug */ = {
			isa = XCBuildConfiguration;
			buildSettings = {
				ALWAYS_SEARCH_USER_PATHS = NO;
				CLANG_CXX_LANGUAGE_STANDARD = "gnu++0x";
				CLANG_CXX_LIBRARY = "libc++";
				CLANG_ENABLE_MODULES = YES;
				CLANG_ENABLE_OBJC_ARC = YES;
				CLANG_WARN_BOOL_CONVERSION = YES;
				CLANG_WARN_CONSTANT_CONVERSION = YES;
				CLANG_WARN_DIRECT_OBJC_ISA_USAGE = YES_ERROR;
				CLANG_WARN_EMPTY_BODY = YES;
				CLANG_WARN_ENUM_CONVERSION = YES;
				CLANG_WARN_INT_CONVERSION = YES;
				CLANG_WARN_OBJC_ROOT_CLASS = YES_ERROR;
				CLANG_WARN_UNREACHABLE_CODE = YES;
				CLANG_WARN__DUPLICATE_METHOD_MATCH = YES;
				"CODE_SIGN_IDENTITY[sdk=iphoneos*]" = "iPhone Developer";
				COPY_PHASE_STRIP = NO;
				DEBUG_INFORMATION_FORMAT = "dwarf-with-dsym";
				ENABLE_STRICT_OBJC_MSGSEND = YES;
				ENABLE_TESTABILITY = YES;
				GCC_C_LANGUAGE_STANDARD = gnu99;
				GCC_DYNAMIC_NO_PIC = NO;
				GCC_NO_COMMON_BLOCKS = YES;
				GCC_OPTIMIZATION_LEVEL = 0;
				GCC_PREPROCESSOR_DEFINITIONS = (
					"DEBUG=1",
					"$(inherited)",
				);
				GCC_SYMBOLS_PRIVATE_EXTERN = NO;
				GCC_WARN_64_TO_32_BIT_CONVERSION = YES;
				GCC_WARN_ABOUT_RETURN_TYPE = YES_ERROR;
				GCC_WARN_UNDECLARED_SELECTOR = YES;
				GCC_WARN_UNINITIALIZED_AUTOS = YES_AGGRESSIVE;
				GCC_WARN_UNUSED_FUNCTION = YES;
				GCC_WARN_UNUSED_VARIABLE = YES;
				IPHONEOS_DEPLOYMENT_TARGET = 8.3;
				MTL_ENABLE_DEBUG_INFO = YES;
				ONLY_ACTIVE_ARCH = YES;
				SDKROOT = iphoneos;
				SWIFT_OPTIMIZATION_LEVEL = "-Onone";
			};
			name = Debug;
		};
		8401A96C1B398B5600269D14 /* Release */ = {
			isa = XCBuildConfiguration;
			buildSettings = {
				ALWAYS_SEARCH_USER_PATHS = NO;
				CLANG_CXX_LANGUAGE_STANDARD = "gnu++0x";
				CLANG_CXX_LIBRARY = "libc++";
				CLANG_ENABLE_MODULES = YES;
				CLANG_ENABLE_OBJC_ARC = YES;
				CLANG_WARN_BOOL_CONVERSION = YES;
				CLANG_WARN_CONSTANT_CONVERSION = YES;
				CLANG_WARN_DIRECT_OBJC_ISA_USAGE = YES_ERROR;
				CLANG_WARN_EMPTY_BODY = YES;
				CLANG_WARN_ENUM_CONVERSION = YES;
				CLANG_WARN_INT_CONVERSION = YES;
				CLANG_WARN_OBJC_ROOT_CLASS = YES_ERROR;
				CLANG_WARN_UNREACHABLE_CODE = YES;
				CLANG_WARN__DUPLICATE_METHOD_MATCH = YES;
				"CODE_SIGN_IDENTITY[sdk=iphoneos*]" = "iPhone Developer";
				COPY_PHASE_STRIP = NO;
				DEBUG_INFORMATION_FORMAT = "dwarf-with-dsym";
				ENABLE_NS_ASSERTIONS = NO;
				ENABLE_STRICT_OBJC_MSGSEND = YES;
				GCC_C_LANGUAGE_STANDARD = gnu99;
				GCC_NO_COMMON_BLOCKS = YES;
				GCC_WARN_64_TO_32_BIT_CONVERSION = YES;
				GCC_WARN_ABOUT_RETURN_TYPE = YES_ERROR;
				GCC_WARN_UNDECLARED_SELECTOR = YES;
				GCC_WARN_UNINITIALIZED_AUTOS = YES_AGGRESSIVE;
				GCC_WARN_UNUSED_FUNCTION = YES;
				GCC_WARN_UNUSED_VARIABLE = YES;
				IPHONEOS_DEPLOYMENT_TARGET = 8.3;
				MTL_ENABLE_DEBUG_INFO = NO;
				SDKROOT = iphoneos;
				VALIDATE_PRODUCT = YES;
			};
			name = Release;
		};
		8401A96E1B398B5600269D14 /* Debug */ = {
			isa = XCBuildConfiguration;
			buildSettings = {
				ASSETCATALOG_COMPILER_APPICON_NAME = AppIcon;
				INFOPLIST_FILE = FontAwesomeDemo/Info.plist;
				LD_RUNPATH_SEARCH_PATHS = "$(inherited) @executable_path/Frameworks";
				PRODUCT_BUNDLE_IDENTIFIER = "im.thi.$(PRODUCT_NAME:rfc1034identifier)";
				PRODUCT_NAME = "$(TARGET_NAME)";
				SWIFT_VERSION = 3.0;
			};
			name = Debug;
		};
		8401A96F1B398B5600269D14 /* Release */ = {
			isa = XCBuildConfiguration;
			buildSettings = {
				ASSETCATALOG_COMPILER_APPICON_NAME = AppIcon;
				INFOPLIST_FILE = FontAwesomeDemo/Info.plist;
				LD_RUNPATH_SEARCH_PATHS = "$(inherited) @executable_path/Frameworks";
				PRODUCT_BUNDLE_IDENTIFIER = "im.thi.$(PRODUCT_NAME:rfc1034identifier)";
				PRODUCT_NAME = "$(TARGET_NAME)";
				SWIFT_VERSION = 3.0;
			};
			name = Release;
		};
		8401A9711B398B5600269D14 /* Debug */ = {
			isa = XCBuildConfiguration;
			buildSettings = {
				BUNDLE_LOADER = "$(TEST_HOST)";
				FRAMEWORK_SEARCH_PATHS = (
					"$(SDKROOT)/Developer/Library/Frameworks",
					"$(inherited)",
				);
				GCC_PREPROCESSOR_DEFINITIONS = (
					"DEBUG=1",
					"$(inherited)",
				);
				INFOPLIST_FILE = FontAwesomeDemoTests/Info.plist;
				LD_RUNPATH_SEARCH_PATHS = "$(inherited) @executable_path/Frameworks @loader_path/Frameworks";
				PRODUCT_BUNDLE_IDENTIFIER = "im.thi.$(PRODUCT_NAME:rfc1034identifier)";
				PRODUCT_NAME = "$(TARGET_NAME)";
				SWIFT_VERSION = 3.0;
				TEST_HOST = "$(BUILT_PRODUCTS_DIR)/FontAwesomeDemo.app/FontAwesomeDemo";
			};
			name = Debug;
		};
		8401A9721B398B5600269D14 /* Release */ = {
			isa = XCBuildConfiguration;
			buildSettings = {
				BUNDLE_LOADER = "$(TEST_HOST)";
				FRAMEWORK_SEARCH_PATHS = (
					"$(SDKROOT)/Developer/Library/Frameworks",
					"$(inherited)",
				);
				INFOPLIST_FILE = FontAwesomeDemoTests/Info.plist;
				LD_RUNPATH_SEARCH_PATHS = "$(inherited) @executable_path/Frameworks @loader_path/Frameworks";
				PRODUCT_BUNDLE_IDENTIFIER = "im.thi.$(PRODUCT_NAME:rfc1034identifier)";
				PRODUCT_NAME = "$(TARGET_NAME)";
				SWIFT_VERSION = 3.0;
				TEST_HOST = "$(BUILT_PRODUCTS_DIR)/FontAwesomeDemo.app/FontAwesomeDemo";
			};
			name = Release;
		};
/* End XCBuildConfiguration section */

/* Begin XCConfigurationList section */
		8401A9491B398B5600269D14 /* Build configuration list for PBXProject "FontAwesomeDemo" */ = {
			isa = XCConfigurationList;
			buildConfigurations = (
				8401A96B1B398B5600269D14 /* Debug */,
				8401A96C1B398B5600269D14 /* Release */,
			);
			defaultConfigurationIsVisible = 0;
			defaultConfigurationName = Release;
		};
		8401A96D1B398B5600269D14 /* Build configuration list for PBXNativeTarget "FontAwesomeDemo" */ = {
			isa = XCConfigurationList;
			buildConfigurations = (
				8401A96E1B398B5600269D14 /* Debug */,
				8401A96F1B398B5600269D14 /* Release */,
			);
			defaultConfigurationIsVisible = 0;
			defaultConfigurationName = Release;
		};
		8401A9701B398B5600269D14 /* Build configuration list for PBXNativeTarget "FontAwesomeDemoTests" */ = {
			isa = XCConfigurationList;
			buildConfigurations = (
				8401A9711B398B5600269D14 /* Debug */,
				8401A9721B398B5600269D14 /* Release */,
			);
			defaultConfigurationIsVisible = 0;
			defaultConfigurationName = Release;
		};
/* End XCConfigurationList section */
	};
	rootObject = 8401A9461B398B5600269D14 /* Project object */;
}
